{
  "name": "instagram-clone",
  "lockfileVersion": 3,
  "requires": true,
  "packages": {
    "": {
      "dependencies": {
        "validate": "^5.2.0"
      }
    },
    "node_modules/@eivifj/dot": {
      "version": "1.0.3",
      "resolved": "https://registry.npmjs.org/@eivifj/dot/-/dot-1.0.3.tgz",
      "integrity": "sha512-UE2x9N7XD/1qqtXA+4CZPD1RQAlM0lEdXdy09CJ/wNR+mgGKqwLRH4BGGfOAWwwz06pIT3c2tC4gvXbntGAeMA=="
    },
    "node_modules/component-type": {
      "version": "1.2.1",
      "resolved": "https://registry.npmjs.org/component-type/-/component-type-1.2.1.tgz",
      "integrity": "sha512-Kgy+2+Uwr75vAi6ChWXgHuLvd+QLD7ssgpaRq2zCvt80ptvAfMc/hijcJxXkBa2wMlEZcJvC2H8Ubo+A9ATHIg=="
    },
    "node_modules/typecast": {
      "version": "0.0.1",
      "resolved": "https://registry.npmjs.org/typecast/-/typecast-0.0.1.tgz",
      "integrity": "sha512-L2f5OCLKsJdCjSyN0d5O6CkNxhiC8EQ2XlXnHpWZVNfF+mj2OTaXhAVnP0/7SY/sxO1DHZpOFMpIuGlFUZEGNA=="
    },
    "node_modules/validate": {
      "version": "5.2.0",
      "resolved": "https://registry.npmjs.org/validate/-/validate-5.2.0.tgz",
      "integrity": "sha512-pVADd6GfDT7bALYvvzhfHnfmxCDem2bG7lGY3mwHzY7ktMH/SaczoF+eKkGokQEdGKozkJvyuOiSfQEHXp4zIA==",
      "dependencies": {
        "@eivifj/dot": "^1.0.1",
        "component-type": "1.2.1",
        "typecast": "0.0.1"
      },
      "engines": {
        "node": ">=7.6"
      }
    }
  }
}
